
Microsoft Visual Studio Solution File, Format Version 12.00
# Visual Studio Version 17
VisualStudioVersion = 17.7.34221.43
MinimumVisualStudioVersion = 10.0.40219.1
Project("{FAE04EC0-301F-11D3-BF4B-00C04F79EFBC}") = "MyIMDB", "MyIMDB\MyIMDB.csproj", "{815DFAC0-9020-4969-8D62-88FA993265FF}"
EndProject
Global
	GlobalSection(SolutionConfigurationPlatforms) = preSolution
		Debug|Any CPU = Debug|Any CPU
		Release|Any CPU = Release|Any CPU
	EndGlobalSection
	GlobalSection(ProjectConfigurationPlatforms) = postSolution
		{815DFAC0-9020-4969-8D62-88FA993265FF}.Debug|Any CPU.ActiveCfg = Debug|Any CPU
		{815DFAC0-9020-4969-8D62-88FA993265FF}.Debug|Any CPU.Build.0 = Debug|Any CPU
		{815DFAC0-9020-4969-8D62-88FA993265FF}.Release|Any CPU.ActiveCfg = Release|Any CPU
		{815DFAC0-9020-4969-8D62-88FA993265FF}.Release|Any CPU.Build.0 = Release|Any CPU
	EndGlobalSection
	GlobalSection(SolutionProperties) = preSolution
		HideSolutionNode = FALSE
	EndGlobalSection
	GlobalSection(ExtensibilityGlobals) = postSolution
		SolutionGuid = {825479E9-20C3-43E1-BC41-B14E36CF6FC9}
	EndGlobalSection
EndGlobal
